
Microsoft Visual Studio Solution File, Format Version 11.00
# Visual Studio 2010
Project("{8BC9CEB8-8B4A-11D0-8D11-00A0C91BC942}") = "lzw", "lzw\lzw.vcxproj", "{D328EB70-3F96-494C-8E90-BD52D2DC4E74}"
EndProject
Global
	GlobalSection(SolutionConfigurationPlatforms) = preSolution
		Debug|Win32 = Debug|Win32
		Release|Win32 = Release|Win32
	EndGlobalSection
	GlobalSection(ProjectConfigurationPlatforms) = postSolution
		{D328EB70-3F96-494C-8E90-BD52D2DC4E74}.Debug|Win32.ActiveCfg = Debug|Win32
		{D328EB70-3F96-494C-8E90-BD52D2DC4E74}.Debug|Win32.Build.0 = Debug|Win32
		{D328EB70-3F96-494C-8E90-BD52D2DC4E74}.Release|Win32.ActiveCfg = Release|Win32
		{D328EB70-3F96-494C-8E90-BD52D2DC4E74}.Release|Win32.Build.0 = Release|Win32
	EndGlobalSection
	GlobalSection(SolutionProperties) = preSolution
		HideSolutionNode = FALSE
	EndGlobalSection
EndGlobal
